
Microsoft Visual Studio Solution File, Format Version 12.00
# Visual Studio Version 17
VisualStudioVersion = 17.11.35327.3
MinimumVisualStudioVersion = 10.0.40219.1
Project("{FAE04EC0-301F-11D3-BF4B-00C04F79EFBC}") = "классное_3.3", "классное_3.3.csproj", "{73A2A437-CBEF-4E5F-8CC3-39B6A3BCB47D}"
EndProject
Global
	GlobalSection(SolutionConfigurationPlatforms) = preSolution
		Debug|Any CPU = Debug|Any CPU
		Release|Any CPU = Release|Any CPU
	EndGlobalSection
	GlobalSection(ProjectConfigurationPlatforms) = postSolution
		{73A2A437-CBEF-4E5F-8CC3-39B6A3BCB47D}.Debug|Any CPU.ActiveCfg = Debug|Any CPU
		{73A2A437-CBEF-4E5F-8CC3-39B6A3BCB47D}.Debug|Any CPU.Build.0 = Debug|Any CPU
		{73A2A437-CBEF-4E5F-8CC3-39B6A3BCB47D}.Release|Any CPU.ActiveCfg = Release|Any CPU
		{73A2A437-CBEF-4E5F-8CC3-39B6A3BCB47D}.Release|Any CPU.Build.0 = Release|Any CPU
	EndGlobalSection
	GlobalSection(SolutionProperties) = preSolution
		HideSolutionNode = FALSE
	EndGlobalSection
	GlobalSection(ExtensibilityGlobals) = postSolution
		SolutionGuid = {34A01018-E102-45CE-AFC6-AEEF2D1A7AFE}
	EndGlobalSection
EndGlobal
