
Microsoft Visual Studio Solution File, Format Version 12.00
# Visual Studio Version 17
VisualStudioVersion = 17.11.35327.3
MinimumVisualStudioVersion = 10.0.40219.1
Project("{FAE04EC0-301F-11D3-BF4B-00C04F79EFBC}") = "домашнее_1.1", "домашнее_1.1.csproj", "{95985A1D-ECFA-4D30-996F-AA533F7514DB}"
EndProject
Global
	GlobalSection(SolutionConfigurationPlatforms) = preSolution
		Debug|Any CPU = Debug|Any CPU
		Release|Any CPU = Release|Any CPU
	EndGlobalSection
	GlobalSection(ProjectConfigurationPlatforms) = postSolution
		{95985A1D-ECFA-4D30-996F-AA533F7514DB}.Debug|Any CPU.ActiveCfg = Debug|Any CPU
		{95985A1D-ECFA-4D30-996F-AA533F7514DB}.Debug|Any CPU.Build.0 = Debug|Any CPU
		{95985A1D-ECFA-4D30-996F-AA533F7514DB}.Release|Any CPU.ActiveCfg = Release|Any CPU
		{95985A1D-ECFA-4D30-996F-AA533F7514DB}.Release|Any CPU.Build.0 = Release|Any CPU
	EndGlobalSection
	GlobalSection(SolutionProperties) = preSolution
		HideSolutionNode = FALSE
	EndGlobalSection
	GlobalSection(ExtensibilityGlobals) = postSolution
		SolutionGuid = {9FA48C70-D3FB-419F-B2CD-1AA3440A022C}
	EndGlobalSection
EndGlobal
